
Microsoft Visual Studio Solution File, Format Version 12.00
# Visual Studio Version 16
VisualStudioVersion = 16.0.29020.237
MinimumVisualStudioVersion = 10.0.40219.1
Project("{9A19103F-16F7-4668-BE54-9A1E7A4F7556}") = "OdeToFood", "OdeToFood\OdeToFood.csproj", "{F6F6B884-CEA1-4F13-95E8-8EE5CF819D18}"
EndProject
Project("{9A19103F-16F7-4668-BE54-9A1E7A4F7556}") = "OdeToFood.Core", "OdeToFood.Core\OdeToFood.Core.csproj", "{FEBFF3FC-29CD-4819-A373-B3E28108217C}"
EndProject
Project("{FAE04EC0-301F-11D3-BF4B-00C04F79EFBC}") = "OdeToFood.Data", "OdeToFood.Data\OdeToFood.Data.csproj", "{4FF8B30E-1BAC-4387-A16F-94208BD31268}"
EndProject
Global
	GlobalSection(SolutionConfigurationPlatforms) = preSolution
		Debug|Any CPU = Debug|Any CPU
		Release|Any CPU = Release|Any CPU
	EndGlobalSection
	GlobalSection(ProjectConfigurationPlatforms) = postSolution
		{F6F6B884-CEA1-4F13-95E8-8EE5CF819D18}.Debug|Any CPU.ActiveCfg = Debug|Any CPU
		{F6F6B884-CEA1-4F13-95E8-8EE5CF819D18}.Debug|Any CPU.Build.0 = Debug|Any CPU
		{F6F6B884-CEA1-4F13-95E8-8EE5CF819D18}.Release|Any CPU.ActiveCfg = Release|Any CPU
		{F6F6B884-CEA1-4F13-95E8-8EE5CF819D18}.Release|Any CPU.Build.0 = Release|Any CPU
		{FEBFF3FC-29CD-4819-A373-B3E28108217C}.Debug|Any CPU.ActiveCfg = Debug|Any CPU
		{FEBFF3FC-29CD-4819-A373-B3E28108217C}.Debug|Any CPU.Build.0 = Debug|Any CPU
		{FEBFF3FC-29CD-4819-A373-B3E28108217C}.Release|Any CPU.ActiveCfg = Release|Any CPU
		{FEBFF3FC-29CD-4819-A373-B3E28108217C}.Release|Any CPU.Build.0 = Release|Any CPU
		{4FF8B30E-1BAC-4387-A16F-94208BD31268}.Debug|Any CPU.ActiveCfg = Debug|Any CPU
		{4FF8B30E-1BAC-4387-A16F-94208BD31268}.Debug|Any CPU.Build.0 = Debug|Any CPU
		{4FF8B30E-1BAC-4387-A16F-94208BD31268}.Release|Any CPU.ActiveCfg = Release|Any CPU
		{4FF8B30E-1BAC-4387-A16F-94208BD31268}.Release|Any CPU.Build.0 = Release|Any CPU
	EndGlobalSection
	GlobalSection(SolutionProperties) = preSolution
		HideSolutionNode = FALSE
	EndGlobalSection
	GlobalSection(ExtensibilityGlobals) = postSolution
		SolutionGuid = {DCBB8AE1-7E46-490B-98D1-5067D2244624}
	EndGlobalSection
EndGlobal
